// !$*UTF8*$!
{
	archiveVersion = 1;
	classes = {
	};
	objectVersion = 46;
	objects = {

/* Begin PBXBuildFile section */
		938C2E8314B6EE6A003865CF /* UIKit.framework in Frameworks */ = {isa = PBXBuildFile; fileRef = 938C2E8214B6EE6A003865CF /* UIKit.framework */; };
		938C2E8514B6EE6A003865CF /* Foundation.framework in Frameworks */ = {isa = PBXBuildFile; fileRef = 938C2E8414B6EE6A003865CF /* Foundation.framework */; };
		938C2E8714B6EE6A003865CF /* CoreGraphics.framework in Frameworks */ = {isa = PBXBuildFile; fileRef = 938C2E8614B6EE6A003865CF /* CoreGraphics.framework */; };
		938C2E8D14B6EE6A003865CF /* InfoPlist.strings in Resources */ = {isa = PBXBuildFile; fileRef = 938C2E8B14B6EE6A003865CF /* InfoPlist.strings */; };
		938C2E8F14B6EE6A003865CF /* main.m in Sources */ = {isa = PBXBuildFile; fileRef = 938C2E8E14B6EE6A003865CF /* main.m */; };
		938C2E9314B6EE6A003865CF /* SS3AppDelegate.m in Sources */ = {isa = PBXBuildFile; fileRef = 938C2E9214B6EE6A003865CF /* SS3AppDelegate.m */; };
/* End PBXBuildFile section */

/* Begin PBXFileReference section */
		938C2E7E14B6EE6A003865CF /* Softsign_V3.app */ = {isa = PBXFileReference; explicitFileType = wrapper.application; includeInIndex = 0; path = Softsign_V3.app; sourceTree = BUILT_PRODUCTS_DIR; };
		938C2E8214B6EE6A003865CF /* UIKit.framework */ = {isa = PBXFileReference; lastKnownFileType = wrapper.framework; name = UIKit.framework; path = System/Library/Frameworks/UIKit.framework; sourceTree = SDKROOT; };
		938C2E8414B6EE6A003865CF /* Foundation.framework */ = {isa = PBXFileReference; lastKnownFileType = wrapper.framework; name = Foundation.framework; path = System/Library/Frameworks/Foundation.framework; sourceTree = SDKROOT; };
		938C2E8614B6EE6A003865CF /* CoreGraphics.framework */ = {isa = PBXFileReference; lastKnownFileType = wrapper.framework; name = CoreGraphics.framework; path = System/Library/Frameworks/CoreGraphics.framework; sourceTree = SDKROOT; };
		938C2E8A14B6EE6A003865CF /* Softsign_V3-Info.plist */ = {isa = PBXFileReference; lastKnownFileType = text.plist.xml; path = "Softsign_V3-Info.plist"; sourceTree = "<group>"; };
		938C2E8C14B6EE6A003865CF /* en */ = {isa = PBXFileReference; lastKnownFileType = text.plist.strings; name = en; path = en.lproj/InfoPlist.strings; sourceTree = "<group>"; };
		938C2E8E14B6EE6A003865CF /* main.m */ = {isa = PBXFileReference; lastKnownFileType = sourcecode.c.objc; path = main.m; sourceTree = "<group>"; };
		938C2E9014B6EE6A003865CF /* Softsign_V3-Prefix.pch */ = {isa = PBXFileReference; lastKnownFileType = sourcecode.c.h; path = "Softsign_V3-Prefix.pch"; sourceTree = "<group>"; };
		938C2E9114B6EE6A003865CF /* SS3AppDelegate.h */ = {isa = PBXFileReference; lastKnownFileType = sourcecode.c.h; path = SS3AppDelegate.h; sourceTree = "<group>"; };
		938C2E9214B6EE6A003865CF /* SS3AppDelegate.m */ = {isa = PBXFileReference; lastKnownFileType = sourcecode.c.objc; path = SS3AppDelegate.m; sourceTree = "<group>"; };
/* End PBXFileReference section */

/* Begin PBXFrameworksBuildPhase section */
		938C2E7B14B6EE6A003865CF /* Frameworks */ = {
			isa = PBXFrameworksBuildPhase;
			buildActionMask = 2147483647;
			files = (
				938C2E8314B6EE6A003865CF /* UIKit.framework in Frameworks */,
				938C2E8514B6EE6A003865CF /* Foundation.framework in Frameworks */,
				938C2E8714B6EE6A003865CF /* CoreGraphics.framework in Frameworks */,
			);
			runOnlyForDeploymentPostprocessing = 0;
		};
/* End PBXFrameworksBuildPhase section */

/* Begin PBXGroup section */
		938C2E7314B6EE6A003865CF = {
			isa = PBXGroup;
			children = (
				938C2E8814B6EE6A003865CF /* Softsign_V3 */,
				938C2E8114B6EE6A003865CF /* Frameworks */,
				938C2E7F14B6EE6A003865CF /* Products */,
			);
			sourceTree = "<group>";
		};
		938C2E7F14B6EE6A003865CF /* Products */ = {
			isa = PBXGroup;
			children = (
				938C2E7E14B6EE6A003865CF /* Softsign_V3.app */,
			);
			name = Products;
			sourceTree = "<group>";
		};
		938C2E8114B6EE6A003865CF /* Frameworks */ = {
			isa = PBXGroup;
			children = (
				938C2E8214B6EE6A003865CF /* UIKit.framework */,
				938C2E8414B6EE6A003865CF /* Foundation.framework */,
				938C2E8614B6EE6A003865CF /* CoreGraphics.framework */,
			);
			name = Frameworks;
			sourceTree = "<group>";
		};
		938C2E8814B6EE6A003865CF /* Softsign_V3 */ = {
			isa = PBXGroup;
			children = (
				938C2E9114B6EE6A003865CF /* SS3AppDelegate.h */,
				938C2E9214B6EE6A003865CF /* SS3AppDelegate.m */,
				938C2E8914B6EE6A003865CF /* Supporting Files */,
			);
			path = Softsign_V3;
			sourceTree = "<group>";
		};
		938C2E8914B6EE6A003865CF /* Supporting Files */ = {
			isa = PBXGroup;
			children = (
				938C2E8A14B6EE6A003865CF /* Softsign_V3-Info.plist */,
				938C2E8B14B6EE6A003865CF /* InfoPlist.strings */,
				938C2E8E14B6EE6A003865CF /* main.m */,
				938C2E9014B6EE6A003865CF /* Softsign_V3-Prefix.pch */,
			);
			name = "Supporting Files";
			sourceTree = "<group>";
		};
/* End PBXGroup section */

/* Begin PBXNativeTarget section */
		938C2E7D14B6EE6A003865CF /* Softsign_V3 */ = {
			isa = PBXNativeTarget;
			buildConfigurationList = 938C2E9614B6EE6A003865CF /* Build configuration list for PBXNativeTarget "Softsign_V3" */;
			buildPhases = (
				938C2E7A14B6EE6A003865CF /* Sources */,
				938C2E7B14B6EE6A003865CF /* Frameworks */,
				938C2E7C14B6EE6A003865CF /* Resources */,
			);
			buildRules = (
			);
			dependencies = (
			);
			name = Softsign_V3;
			productName = Softsign_V3;
			productReference = 938C2E7E14B6EE6A003865CF /* Softsign_V3.app */;
			productType = "com.apple.product-type.application";
		};
/* End PBXNativeTarget section */

/* Begin PBXProject section */
		938C2E7514B6EE6A003865CF /* Project object */ = {
			isa = PBXProject;
			attributes = {
				LastUpgradeCheck = 0420;
				ORGANIZATIONNAME = SeriouslyRevival;
			};
			buildConfigurationList = 938C2E7814B6EE6A003865CF /* Build configuration list for PBXProject "Softsign_V3" */;
			compatibilityVersion = "Xcode 3.2";
			developmentRegion = English;
			hasScannedForEncodings = 0;
			knownRegions = (
				en,
			);
			mainGroup = 938C2E7314B6EE6A003865CF;
			productRefGroup = 938C2E7F14B6EE6A003865CF /* Products */;
			projectDirPath = "";
			projectRoot = "";
			targets = (
				938C2E7D14B6EE6A003865CF /* Softsign_V3 */,
			);
		};
/* End PBXProject section */

/* Begin PBXResourcesBuildPhase section */
		938C2E7C14B6EE6A003865CF /* Resources */ = {
			isa = PBXResourcesBuildPhase;
			buildActionMask = 2147483647;
			files = (
				938C2E8D14B6EE6A003865CF /* InfoPlist.strings in Resources */,
			);
			runOnlyForDeploymentPostprocessing = 0;
		};
/* End PBXResourcesBuildPhase section */

/* Begin PBXSourcesBuildPhase section */
		938C2E7A14B6EE6A003865CF /* Sources */ = {
			isa = PBXSourcesBuildPhase;
			buildActionMask = 2147483647;
			files = (
				938C2E8F14B6EE6A003865CF /* main.m in Sources */,
				938C2E9314B6EE6A003865CF /* SS3AppDelegate.m in Sources */,
			);
			runOnlyForDeploymentPostprocessing = 0;
		};
/* End PBXSourcesBuildPhase section */

/* Begin PBXVariantGroup section */
		938C2E8B14B6EE6A003865CF /* InfoPlist.strings */ = {
			isa = PBXVariantGroup;
			children = (
				938C2E8C14B6EE6A003865CF /* en */,
			);
			name = InfoPlist.strings;
			sourceTree = "<group>";
		};
/* End PBXVariantGroup section */

/* Begin XCBuildConfiguration section */
		938C2E9414B6EE6A003865CF /* Debug */ = {
			isa = XCBuildConfiguration;
			buildSettings = {
				ALWAYS_SEARCH_USER_PATHS = NO;
				ARCHS = "$(ARCHS_STANDARD_32_BIT)";
				CLANG_ENABLE_OBJC_ARC = YES;
				"CODE_SIGN_IDENTITY[sdk=iphoneos*]" = "iPhone Developer";
				COPY_PHASE_STRIP = NO;
				GCC_C_LANGUAGE_STANDARD = gnu99;
				GCC_DYNAMIC_NO_PIC = NO;
				GCC_OPTIMIZATION_LEVEL = 0;
				GCC_PREPROCESSOR_DEFINITIONS = (
					"DEBUG=1",
					"$(inherited)",
				);
				GCC_SYMBOLS_PRIVATE_EXTERN = NO;
				GCC_VERSION = com.apple.compilers.llvm.clang.1_0;
				GCC_WARN_ABOUT_MISSING_PROTOTYPES = YES;
				GCC_WARN_ABOUT_RETURN_TYPE = YES;
				GCC_WARN_UNUSED_VARIABLE = YES;
				IPHONEOS_DEPLOYMENT_TARGET = 5.0;
				SDKROOT = iphoneos;
				TARGETED_DEVICE_FAMILY = "1,2";
			};
			name = Debug;
		};
		938C2E9514B6EE6A003865CF /* Release */ = {
			isa = XCBuildConfiguration;
			buildSettings = {
				ALWAYS_SEARCH_USER_PATHS = NO;
				ARCHS = "$(ARCHS_STANDARD_32_BIT)";
				CLANG_ENABLE_OBJC_ARC = YES;
				"CODE_SIGN_IDENTITY[sdk=iphoneos*]" = "iPhone Developer";
				COPY_PHASE_STRIP = YES;
				GCC_C_LANGUAGE_STANDARD = gnu99;
				GCC_VERSION = com.apple.compilers.llvm.clang.1_0;
				GCC_WARN_ABOUT_MISSING_PROTOTYPES = YES;
				GCC_WARN_ABOUT_RETURN_TYPE = YES;
				GCC_WARN_UNUSED_VARIABLE = YES;
				IPHONEOS_DEPLOYMENT_TARGET = 5.0;
				OTHER_CFLAGS = "-DNS_BLOCK_ASSERTIONS=1";
				SDKROOT = iphoneos;
				TARGETED_DEVICE_FAMILY = "1,2";
				VALIDATE_PRODUCT = YES;
			};
			name = Release;
		};
		938C2E9714B6EE6A003865CF /* Debug */ = {
			isa = XCBuildConfiguration;
			buildSettings = {
				GCC_PRECOMPILE_PREFIX_HEADER = YES;
				GCC_PREFIX_HEADER = "Softsign_V3/Softsign_V3-Prefix.pch";
				INFOPLIST_FILE = "Softsign_V3/Softsign_V3-Info.plist";
				PRODUCT_NAME = "$(TARGET_NAME)";
				WRAPPER_EXTENSION = app;
			};
			name = Debug;
		};
		938C2E9814B6EE6A003865CF /* Release */ = {
			isa = XCBuildConfiguration;
			buildSettings = {
				GCC_PRECOMPILE_PREFIX_HEADER = YES;
				GCC_PREFIX_HEADER = "Softsign_V3/Softsign_V3-Prefix.pch";
				INFOPLIST_FILE = "Softsign_V3/Softsign_V3-Info.plist";
				PRODUCT_NAME = "$(TARGET_NAME)";
				WRAPPER_EXTENSION = app;
			};
			name = Release;
		};
/* End XCBuildConfiguration section */

/* Begin XCConfigurationList section */
		938C2E7814B6EE6A003865CF /* Build configuration list for PBXProject "Softsign_V3" */ = {
			isa = XCConfigurationList;
			buildConfigurations = (
				938C2E9414B6EE6A003865CF /* Debug */,
				938C2E9514B6EE6A003865CF /* Release */,
			);
			defaultConfigurationIsVisible = 0;
			defaultConfigurationName = Release;
		};
		938C2E9614B6EE6A003865CF /* Build configuration list for PBXNativeTarget "Softsign_V3" */ = {
			isa = XCConfigurationList;
			buildConfigurations = (
				938C2E9714B6EE6A003865CF /* Debug */,
				938C2E9814B6EE6A003865CF /* Release */,
			);
			defaultConfigurationIsVisible = 0;
		};
/* End XCConfigurationList section */
	};
	rootObject = 938C2E7514B6EE6A003865CF /* Project object */;
}
